Microsoft Visual Studio Solution File, Format Version 12.00
# Visual Studio Version 17
VisualStudioVersion = 17.12.35527.113
MinimumVisualStudioVersion = 10.0.40219.1
Project("{FAE04EC0-301F-11D3-BF4B-00C04F79EFBC}") = "Publishy.AppHost", "Publishy.AppHost\Publishy.AppHost.csproj", "{629111DB-EEDC-40AF-BAF0-6ECC56FB641D}"
EndProject
Project("{FAE04EC0-301F-11D3-BF4B-00C04F79EFBC}") = "Publishy.ServiceDefaults", "Publishy.ServiceDefaults\Publishy.ServiceDefaults.csproj", "{EE594A41-62C4-4073-8CB2-1F9505070ECF}"
EndProject
Project("{FAE04EC0-301F-11D3-BF4B-00C04F79EFBC}") = "Publishy.WebApi", "Publishy.WebApi\Publishy.WebApi.csproj", "{2198C983-1F1B-4F3C-8112-021F73D0BA39}"
EndProject
Project("{FAE04EC0-301F-11D3-BF4B-00C04F79EFBC}") = "Publishy.Api", "src\Publishy.Api\Publishy.Api.csproj", "{9926D497-8E74-4041-B761-96D46F38BD89}"
EndProject
Project("{FAE04EC0-301F-11D3-BF4B-00C04F79EFBC}") = "Publishy.Application", "src\Publishy.Application\Publishy.Application.csproj", "{1EA85ECA-B8EC-4AEB-98C6-61B964E3C919}"
EndProject
Project("{FAE04EC0-301F-11D3-BF4B-00C04F79EFBC}") = "Publishy.Infrastructure", "src\Publishy.Infrastructure\Publishy.Infrastructure.csproj", "{B40815B0-51B6-4BED-BA5F-79D1A0E3F1AC}"
EndProject
Project("{2150E333-8FDC-42A3-9474-1A3956D46DE8}") = "BE", "BE", "{A2E6FA8E-D3B0-48F6-870F-AFCC08C3727D}"
EndProject
Project("{FAE04EC0-301F-11D3-BF4B-00C04F79EFBC}") = "Publishy.IntegrationTests", "tests\Publishy.IntegrationTests\Publishy.IntegrationTests.csproj", "{40D025D3-5F2C-41C5-AA5C-CC47B3A3FD05}"
EndProject
Global
	GlobalSection(SolutionConfigurationPlatforms) = preSolution
		Debug|Any CPU = Debug|Any CPU
		Release|Any CPU = Release|Any CPU
	EndGlobalSection
	GlobalSection(ProjectConfigurationPlatforms) = postSolution
		{629111DB-EEDC-40AF-BAF0-6ECC56FB641D}.Debug|Any CPU.ActiveCfg = Debug|Any CPU
		{629111DB-EEDC-40AF-BAF0-6ECC56FB641D}.Debug|Any CPU.Build.0 = Debug|Any CPU
		{629111DB-EEDC-40AF-BAF0-6ECC56FB641D}.Release|Any CPU.ActiveCfg = Release|Any CPU
		{629111DB-EEDC-40AF-BAF0-6ECC56FB641D}.Release|Any CPU.Build.0 = Release|Any CPU
		{EE594A41-62C4-4073-8CB2-1F9505070ECF}.Debug|Any CPU.ActiveCfg = Debug|Any CPU
		{EE594A41-62C4-4073-8CB2-1F9505070ECF}.Debug|Any CPU.Build.0 = Debug|Any CPU
		{EE594A41-62C4-4073-8CB2-1F9505070ECF}.Release|Any CPU.ActiveCfg = Release|Any CPU
		{EE594A41-62C4-4073-8CB2-1F9505070ECF}.Release|Any CPU.Build.0 = Release|Any CPU
		{2198C983-1F1B-4F3C-8112-021F73D0BA39}.Debug|Any CPU.ActiveCfg = Debug|Any CPU
		{2198C983-1F1B-4F3C-8112-021F73D0BA39}.Debug|Any CPU.Build.0 = Debug|Any CPU
		{2198C983-1F1B-4F3C-8112-021F73D0BA39}.Release|Any CPU.ActiveCfg = Release|Any CPU
		{2198C983-1F1B-4F3C-8112-021F73D0BA39}.Release|Any CPU.Build.0 = Release|Any CPU
		{9926D497-8E74-4041-B761-96D46F38BD89}.Debug|Any CPU.ActiveCfg = Debug|Any CPU
		{9926D497-8E74-4041-B761-96D46F38BD89}.Debug|Any CPU.Build.0 = Debug|Any CPU
		{9926D497-8E74-4041-B761-96D46F38BD89}.Release|Any CPU.ActiveCfg = Release|Any CPU
		{9926D497-8E74-4041-B761-96D46F38BD89}.Release|Any CPU.Build.0 = Release|Any CPU
		{1EA85ECA-B8EC-4AEB-98C6-61B964E3C919}.Debug|Any CPU.ActiveCfg = Debug|Any CPU
		{1EA85ECA-B8EC-4AEB-98C6-61B964E3C919}.Debug|Any CPU.Build.0 = Debug|Any CPU
		{1EA85ECA-B8EC-4AEB-98C6-61B964E3C919}.Release|Any CPU.ActiveCfg = Release|Any CPU
		{1EA85ECA-B8EC-4AEB-98C6-61B964E3C919}.Release|Any CPU.Build.0 = Release|Any CPU
		{B40815B0-51B6-4BED-BA5F-79D1A0E3F1AC}.Debug|Any CPU.ActiveCfg = Debug|Any CPU
		{B40815B0-51B6-4BED-BA5F-79D1A0E3F1AC}.Debug|Any CPU.Build.0 = Debug|Any CPU
		{B40815B0-51B6-4BED-BA5F-79D1A0E3F1AC}.Release|Any CPU.ActiveCfg = Release|Any CPU
		{B40815B0-51B6-4BED-BA5F-79D1A0E3F1AC}.Release|Any CPU.Build.0 = Release|Any CPU
		{40D025D3-5F2C-41C5-AA5C-CC47B3A3FD05}.Debug|Any CPU.ActiveCfg = Debug|Any CPU
		{40D025D3-5F2C-41C5-AA5C-CC47B3A3FD05}.Debug|Any CPU.Build.0 = Debug|Any CPU
		{40D025D3-5F2C-41C5-AA5C-CC47B3A3FD05}.Release|Any CPU.ActiveCfg = Release|Any CPU
		{40D025D3-5F2C-41C5-AA5C-CC47B3A3FD05}.Release|Any CPU.Build.0 = Release|Any CPU
	EndGlobalSection
	GlobalSection(SolutionProperties) = preSolution
		HideSolutionNode = FALSE
	EndGlobalSection
	GlobalSection(NestedProjects) = preSolution
		{2198C983-1F1B-4F3C-8112-021F73D0BA39} = {A2E6FA8E-D3B0-48F6-870F-AFCC08C3727D}
		{9926D497-8E74-4041-B761-96D46F38BD89} = {A2E6FA8E-D3B0-48F6-870F-AFCC08C3727D}
		{1EA85ECA-B8EC-4AEB-98C6-61B964E3C919} = {A2E6FA8E-D3B0-48F6-870F-AFCC08C3727D}
		{B40815B0-51B6-4BED-BA5F-79D1A0E3F1AC} = {A2E6FA8E-D3B0-48F6-870F-AFCC08C3727D}
	EndGlobalSection
EndGlobal
